
Microsoft Visual Studio Solution File, Format Version 12.00
# Visual Studio Version 16
VisualStudioVersion = 16.0.29230.47
MinimumVisualStudioVersion = 10.0.40219.1
Project("{FAE04EC0-301F-11D3-BF4B-00C04F79EFBC}") = "mystring-11-5", "mystring-11-5\mystring-11-5.csproj", "{DE73E460-AB20-41F1-8D5A-D8C56F8403A9}"
EndProject
Global
	GlobalSection(SolutionConfigurationPlatforms) = preSolution
		Debug|Any CPU = Debug|Any CPU
		Release|Any CPU = Release|Any CPU
	EndGlobalSection
	GlobalSection(ProjectConfigurationPlatforms) = postSolution
		{DE73E460-AB20-41F1-8D5A-D8C56F8403A9}.Debug|Any CPU.ActiveCfg = Debug|Any CPU
		{DE73E460-AB20-41F1-8D5A-D8C56F8403A9}.Debug|Any CPU.Build.0 = Debug|Any CPU
		{DE73E460-AB20-41F1-8D5A-D8C56F8403A9}.Release|Any CPU.ActiveCfg = Release|Any CPU
		{DE73E460-AB20-41F1-8D5A-D8C56F8403A9}.Release|Any CPU.Build.0 = Release|Any CPU
	EndGlobalSection
	GlobalSection(SolutionProperties) = preSolution
		HideSolutionNode = FALSE
	EndGlobalSection
	GlobalSection(ExtensibilityGlobals) = postSolution
		SolutionGuid = {5C75FF31-3200-4F5B-8900-D8F8BEBD0529}
	EndGlobalSection
EndGlobal
